
Microsoft Visual Studio Solution File, Format Version 11.00
# Visual Studio 2010
Project("{8BC9CEB8-8B4A-11D0-8D11-00A0C91BC942}") = "saddy-ft", "saddy-ft-2010.vcxproj", "{B8982BA2-5A2D-436C-AE44-89770836D966}"
EndProject
Global
	GlobalSection(SolutionConfigurationPlatforms) = preSolution
		Debug|Win32 = Debug|Win32
		Release|Win32 = Release|Win32
	EndGlobalSection
	GlobalSection(ProjectConfigurationPlatforms) = postSolution
		{B8982BA2-5A2D-436C-AE44-89770836D966}.Debug|Win32.ActiveCfg = Debug|Win32
		{B8982BA2-5A2D-436C-AE44-89770836D966}.Debug|Win32.Build.0 = Debug|Win32
		{B8982BA2-5A2D-436C-AE44-89770836D966}.Release|Win32.ActiveCfg = Release|Win32
		{B8982BA2-5A2D-436C-AE44-89770836D966}.Release|Win32.Build.0 = Release|Win32
	EndGlobalSection
	GlobalSection(SolutionProperties) = preSolution
		HideSolutionNode = FALSE
	EndGlobalSection
EndGlobal
