
Microsoft Visual Studio Solution File, Format Version 11.00
# Visual Studio 2010
Project("{8BC9CEB8-8B4A-11D0-8D11-00A0C91BC942}") = "ifaceed", "ifaceed\ifaceed-2010.vcxproj", "{C182BF9C-ED63-41E7-A8A0-BE26D57551E3}"
EndProject
Global
	GlobalSection(SolutionConfigurationPlatforms) = preSolution
		Debug|Win32 = Debug|Win32
		Release|Win32 = Release|Win32
	EndGlobalSection
	GlobalSection(ProjectConfigurationPlatforms) = postSolution
		{C182BF9C-ED63-41E7-A8A0-BE26D57551E3}.Debug|Win32.ActiveCfg = Debug|Win32
		{C182BF9C-ED63-41E7-A8A0-BE26D57551E3}.Debug|Win32.Build.0 = Debug|Win32
		{C182BF9C-ED63-41E7-A8A0-BE26D57551E3}.Release|Win32.ActiveCfg = Release|Win32
		{C182BF9C-ED63-41E7-A8A0-BE26D57551E3}.Release|Win32.Build.0 = Release|Win32
	EndGlobalSection
	GlobalSection(SolutionProperties) = preSolution
		HideSolutionNode = FALSE
	EndGlobalSection
EndGlobal
