<?xml version="1.0" encoding="utf-8"?>
<Project ToolsVersion="4.0" xmlns="http://schemas.microsoft.com/developer/msbuild/2003">
  <ItemGroup>
    <Filter Include="Source Files">
      <UniqueIdentifier>{4FC737F1-C7A5-4376-A066-2A32D752A2FF}</UniqueIdentifier>
      <Extensions>cpp;cxx;c;def</Extensions>
    </Filter>
    <Filter Include="Header Files">
      <UniqueIdentifier>{93995380-89BD-4b04-88EB-625FBE52EBFB}</UniqueIdentifier>
      <Extensions>h</Extensions>
    </Filter>
    <Filter Include="Resource Files">
      <UniqueIdentifier>{D9D6E242-F8AF-46E4-B9FD-80ECBC20BA3E}</UniqueIdentifier>
      <Extensions>qrc;*</Extensions>
      <ParseFiles>false</ParseFiles>
    </Filter>
    <Filter Include="Generated Files">
      <UniqueIdentifier>{71ED8ED8-ACB9-4CE9-BBE1-E00B30144E11}</UniqueIdentifier>
      <Extensions>moc;h;cpp</Extensions>
      <SourceControlFiles>False</SourceControlFiles>
    </Filter>
  </ItemGroup>
  <ItemGroup>
    <ClCompile Include="atlas.cpp">
      <Filter>Source Files</Filter>
    </ClCompile>
    <ClCompile Include="atlasentry.cpp">
      <Filter>Source Files</Filter>
    </ClCompile>
    <ClCompile Include="glueentry.cpp">
      <Filter>Source Files</Filter>
    </ClCompile>
    <ClCompile Include="gluemetric.cpp">
      <Filter>Source Files</Filter>
    </ClCompile>
    <ClCompile Include="glueorder.cpp">
      <Filter>Source Files</Filter>
    </ClCompile>
    <ClCompile Include="gluetask.cpp">
      <Filter>Source Files</Filter>
    </ClCompile>
    <ClCompile Include="imagearranger.cpp">
      <Filter>Source Files</Filter>
    </ClCompile>
    <ClCompile Include="imagegluingorder.cpp">
      <Filter>Source Files</Filter>
    </ClCompile>
    <ClCompile Include="jsonreader.cpp">
      <Filter>Source Files</Filter>
    </ClCompile>
    <ClCompile Include="jsonwriter.cpp">
      <Filter>Source Files</Filter>
    </ClCompile>
    <ClCompile Include="main.cpp">
      <Filter>Source Files</Filter>
    </ClCompile>
    <ClCompile Include="maybenumber.cpp">
      <Filter>Source Files</Filter>
    </ClCompile>
    <ClCompile Include="minareametric.cpp">
      <Filter>Source Files</Filter>
    </ClCompile>
    <ClCompile Include="mindiffmetric.cpp">
      <Filter>Source Files</Filter>
    </ClCompile>
    <ClCompile Include="reader.cpp">
      <Filter>Source Files</Filter>
    </ClCompile>
    <ClCompile Include="texture.cpp">
      <Filter>Source Files</Filter>
    </ClCompile>
    <ClCompile Include="texturearray.cpp">
      <Filter>Source Files</Filter>
    </ClCompile>
    <ClCompile Include="writer.cpp">
      <Filter>Source Files</Filter>
    </ClCompile>
    <ClCompile Include="xmlreader.cpp">
      <Filter>Source Files</Filter>
    </ClCompile>
    <ClCompile Include="xmlwriter.cpp">
      <Filter>Source Files</Filter>
    </ClCompile>
  </ItemGroup>
  <ItemGroup>
    <ClInclude Include="atlas.h">
      <Filter>Header Files</Filter>
    </ClInclude>
    <ClInclude Include="atlasentry.h">
      <Filter>Header Files</Filter>
    </ClInclude>
    <ClInclude Include="glueentry.h">
      <Filter>Header Files</Filter>
    </ClInclude>
    <ClInclude Include="gluemetric.h">
      <Filter>Header Files</Filter>
    </ClInclude>
    <ClInclude Include="gluemode.h">
      <Filter>Header Files</Filter>
    </ClInclude>
    <ClInclude Include="glueorder.h">
      <Filter>Header Files</Filter>
    </ClInclude>
    <ClInclude Include="gluetask.h">
      <Filter>Header Files</Filter>
    </ClInclude>
    <ClInclude Include="imagearranger.h">
      <Filter>Header Files</Filter>
    </ClInclude>
    <ClInclude Include="imagegluingorder.h">
      <Filter>Header Files</Filter>
    </ClInclude>
    <ClInclude Include="jsonreader.h">
      <Filter>Header Files</Filter>
    </ClInclude>
    <ClInclude Include="jsonwriter.h">
      <Filter>Header Files</Filter>
    </ClInclude>
    <ClInclude Include="maybenumber.h">
      <Filter>Header Files</Filter>
    </ClInclude>
    <ClInclude Include="minareametric.h">
      <Filter>Header Files</Filter>
    </ClInclude>
    <ClInclude Include="mindiffmetric.h">
      <Filter>Header Files</Filter>
    </ClInclude>
    <ClInclude Include="reader.h">
      <Filter>Header Files</Filter>
    </ClInclude>
    <ClInclude Include="texture.h">
      <Filter>Header Files</Filter>
    </ClInclude>
    <ClInclude Include="texturearray.h">
      <Filter>Header Files</Filter>
    </ClInclude>
    <ClInclude Include="writer.h">
      <Filter>Header Files</Filter>
    </ClInclude>
    <ClInclude Include="xmlreader.h">
      <Filter>Header Files</Filter>
    </ClInclude>
    <ClInclude Include="xmlwriter.h">
      <Filter>Header Files</Filter>
    </ClInclude>
  </ItemGroup>
</Project>