<?xml version="1.0" encoding="utf-8"?>
<Project ToolsVersion="4.0" xmlns="http://schemas.microsoft.com/developer/msbuild/2003">
  <ItemGroup>
    <Filter Include="Source Files">
      <UniqueIdentifier>{4FC737F1-C7A5-4376-A066-2A32D752A2FF}</UniqueIdentifier>
      <Extensions>cpp;c;cc;cxx;def;odl;idl;hpj;bat;asm;asmx</Extensions>
    </Filter>
    <Filter Include="Header Files">
      <UniqueIdentifier>{93995380-89BD-4b04-88EB-625FBE52EBFB}</UniqueIdentifier>
      <Extensions>h;hpp;hxx;hm;inl;inc;xsd</Extensions>
    </Filter>
    <Filter Include="Resource Files">
      <UniqueIdentifier>{67DA6AB6-F800-4c08-8B7A-83BB121AAD01}</UniqueIdentifier>
      <Extensions>rc;ico;cur;bmp;dlg;rc2;rct;bin;rgs;gif;jpg;jpeg;jpe;resx;tiff;tif;png;wav;mfcribbon-ms</Extensions>
    </Filter>
  </ItemGroup>
  <ItemGroup>
    <ClCompile Include="dukpp-03.cpp">
      <Filter>Source Files</Filter>
    </ClCompile>
    <ClCompile Include="context.cpp">
      <Filter>Source Files</Filter>
    </ClCompile>
    <ClCompile Include="pushvariant.cpp">
      <Filter>Source Files</Filter>
    </ClCompile>
    <ClCompile Include="wrapvalue.cpp">
      <Filter>Source Files</Filter>
    </ClCompile>
    <ClCompile Include="pushvalue.cpp">
      <Filter>Source Files</Filter>
    </ClCompile>
    <ClCompile Include="accessor.cpp">
      <Filter>Source Files</Filter>
    </ClCompile>
    <ClCompile Include="getter.cpp">
      <Filter>Source Files</Filter>
    </ClCompile>
    <ClCompile Include="setter.cpp">
      <Filter>Source Files</Filter>
    </ClCompile>
    <ClCompile Include="classbinding.cpp">
      <Filter>Source Files</Filter>
    </ClCompile>
    <ClCompile Include="lib.js.cpp">
      <Filter>Source Files</Filter>
    </ClCompile>
    <ClCompile Include="getvalue.cpp">
      <Filter>Source Files</Filter>
    </ClCompile>
    <ClCompile Include="exposeapi.cpp">
      <Filter>Source Files</Filter>
    </ClCompile>
    <ClCompile Include="renderer.cpp">
      <Filter>Source Files</Filter>
    </ClCompile>
    <ClCompile Include="thread.cpp">
      <Filter>Source Files</Filter>
    </ClCompile>
    <ClCompile Include="mutex.cpp">
      <Filter>Source Files</Filter>
    </ClCompile>
    <ClCompile Include="semaphore.cpp">
      <Filter>Source Files</Filter>
    </ClCompile>
    <ClCompile Include="jscontrols.cpp">
      <Filter>Source Files</Filter>
    </ClCompile>
    <ClCompile Include="jshandler.cpp">
      <Filter>Source Files</Filter>
    </ClCompile>
    <ClCompile Include="jspipelinestep.cpp">
      <Filter>Source Files</Filter>
    </ClCompile>
    <ClCompile Include="jshfsmhandler.cpp">
      <Filter>Source Files</Filter>
    </ClCompile>
    <ClCompile Include="exposehfsm.cpp">
      <Filter>Source Files</Filter>
    </ClCompile>
    <ClCompile Include="exposep2d.cpp">
      <Filter>Source Files</Filter>
    </ClCompile>
    <ClCompile Include="jscollisionhandler.cpp">
      <Filter>Source Files</Filter>
    </ClCompile>
    <ClCompile Include="exposedialogue.cpp">
      <Filter>Source Files</Filter>
    </ClCompile>
    <ClCompile Include="exposelayouts.cpp">
      <Filter>Source Files</Filter>
    </ClCompile>
    <ClCompile Include="exposeanimations.cpp">
      <Filter>Source Files</Filter>
    </ClCompile>
    <ClCompile Include="jsanimationcallback.cpp">
      <Filter>Source Files</Filter>
    </ClCompile>
  </ItemGroup>
  <ItemGroup>
    <ClInclude Include="..\..\include\dukpp-03\context.h">
      <Filter>Header Files</Filter>
    </ClInclude>
    <ClInclude Include="..\..\include\dukpp-03\getaddressoftype.h">
      <Filter>Header Files</Filter>
    </ClInclude>
    <ClInclude Include="..\..\include\dukpp-03\mapinterface.h">
      <Filter>Header Files</Filter>
    </ClInclude>
    <ClInclude Include="..\..\include\dukpp-03\timerinterface.h">
      <Filter>Header Files</Filter>
    </ClInclude>
    <ClInclude Include="..\..\include\dukpp-03\variantinterface.h">
      <Filter>Header Files</Filter>
    </ClInclude>
    <ClInclude Include="..\..\include\dukpp-03\pushvalue.h">
      <Filter>Header Files</Filter>
    </ClInclude>
    <ClInclude Include="..\..\include\dukpp-03\basiccontext.h">
      <Filter>Header Files</Filter>
    </ClInclude>
    <ClInclude Include="..\..\include\dukpp-03\getvalue.h">
      <Filter>Header Files</Filter>
    </ClInclude>
    <ClInclude Include="..\..\include\dukpp-03\pushvariant.h">
      <Filter>Header Files</Filter>
    </ClInclude>
    <ClInclude Include="..\..\include\dukpp-03\wrapvalue.h">
      <Filter>Header Files</Filter>
    </ClInclude>
    <ClInclude Include="..\..\include\dukpp-03\getter.h">
      <Filter>Header Files</Filter>
    </ClInclude>
    <ClInclude Include="..\..\include\dukpp-03\accessor.h">
      <Filter>Header Files</Filter>
    </ClInclude>
    <ClInclude Include="..\..\include\dukpp-03\setter.h">
      <Filter>Header Files</Filter>
    </ClInclude>
    <ClInclude Include="..\..\include\dukpp-03\ptrconstructor.h">
      <Filter>Header Files</Filter>
    </ClInclude>
    <ClInclude Include="..\..\include\dukpp-03\classbinding.h">
      <Filter>Header Files</Filter>
    </ClInclude>
    <ClInclude Include="..\..\include\dukpp-03\cloner.h">
      <Filter>Header Files</Filter>
    </ClInclude>
    <ClInclude Include="..\..\include\dukpp-03\valuecloner.h">
      <Filter>Header Files</Filter>
    </ClInclude>
    <ClInclude Include="..\..\include\dukpp-03\renderer.h">
      <Filter>Header Files</Filter>
    </ClInclude>
    <ClInclude Include="..\..\include\dukpp-03\thread.h">
      <Filter>Header Files</Filter>
    </ClInclude>
    <ClInclude Include="..\..\include\dukpp-03\mutex.h">
      <Filter>Header Files</Filter>
    </ClInclude>
    <ClInclude Include="..\..\include\dukpp-03\semaphore.h">
      <Filter>Header Files</Filter>
    </ClInclude>
    <ClInclude Include="..\..\include\dukpp-03\jscontrols.h">
      <Filter>Header Files</Filter>
    </ClInclude>
    <ClInclude Include="..\..\include\dukpp-03\jshandler.h">
      <Filter>Header Files</Filter>
    </ClInclude>
    <ClInclude Include="..\..\include\dukpp-03\jspipelinestep.h">
      <Filter>Header Files</Filter>
    </ClInclude>
    <ClInclude Include="..\..\include\dukpp-03\jshfsmhandler.h">
      <Filter>Header Files</Filter>
    </ClInclude>
    <ClInclude Include="..\..\include\dukpp-03\jsmovementlistener.h">
      <Filter>Header Files</Filter>
    </ClInclude>
    <ClInclude Include="..\..\include\dukpp-03\jscollisionhandler.h">
      <Filter>Header Files</Filter>
    </ClInclude>
    <ClInclude Include="..\..\include\dukpp-03\jsanimationcallback.h">
      <Filter>Header Files</Filter>
    </ClInclude>
  </ItemGroup>
</Project>